Microsoft Visual Studio Solution File, Format Version 12.00
# Visual Studio Version 17
VisualStudioVersion = 17.5.2.0
MinimumVisualStudioVersion = 10.0.40219.1
Project("{FAE04EC0-301F-11D3-BF4B-00C04F79EFBC}") = "GlobalNavService", "GlobalNavService.csproj", "{3C44F913-E14D-ED0C-AEC5-2EAF11605DFD}"
EndProject
Global
	GlobalSection(SolutionConfigurationPlatforms) = preSolution
		Debug|Any CPU = Debug|Any CPU
		Release|Any CPU = Release|Any CPU
	EndGlobalSection
	GlobalSection(ProjectConfigurationPlatforms) = postSolution
		{3C44F913-E14D-ED0C-AEC5-2EAF11605DFD}.Debug|Any CPU.ActiveCfg = Debug|Any CPU
		{3C44F913-E14D-ED0C-AEC5-2EAF11605DFD}.Debug|Any CPU.Build.0 = Debug|Any CPU
		{3C44F913-E14D-ED0C-AEC5-2EAF11605DFD}.Release|Any CPU.ActiveCfg = Release|Any CPU
		{3C44F913-E14D-ED0C-AEC5-2EAF11605DFD}.Release|Any CPU.Build.0 = Release|Any CPU
	EndGlobalSection
	GlobalSection(SolutionProperties) = preSolution
		HideSolutionNode = FALSE
	EndGlobalSection
	GlobalSection(ExtensibilityGlobals) = postSolution
		SolutionGuid = {B874F3E8-57DE-428E-A334-5D21E4DAF2C9}
	EndGlobalSection
EndGlobal
